// !$*UTF8*$!
{
	archiveVersion = 1;
	classes = {
	};
	objectVersion = 48;
	objects = {

/* Begin PBXBuildFile section */
		AB7519F51FB24DFC00285CF0 /* Parrot.framework in Frameworks */ = {isa = PBXBuildFile; fileRef = AB7519EB1FB24DFC00285CF0 /* Parrot.framework */; };
		AB7519FA1FB24DFC00285CF0 /* ParrotTests.swift in Sources */ = {isa = PBXBuildFile; fileRef = AB7519F91FB24DFC00285CF0 /* ParrotTests.swift */; };
		AB7519FC1FB24DFC00285CF0 /* Parrot.h in Headers */ = {isa = PBXBuildFile; fileRef = AB7519EE1FB24DFC00285CF0 /* Parrot.h */; settings = {ATTRIBUTES = (Public, ); }; };
		AB751A071FB259CE00285CF0 /* BeaconAdvertiser.swift in Sources */ = {isa = PBXBuildFile; fileRef = AB751A051FB259CD00285CF0 /* BeaconAdvertiser.swift */; };
		AB751A081FB259CE00285CF0 /* BeaconMonitor.swift in Sources */ = {isa = PBXBuildFile; fileRef = AB751A061FB259CE00285CF0 /* BeaconMonitor.swift */; };
		AB751A0A1FB2654700285CF0 /* BeaconParams.swift in Sources */ = {isa = PBXBuildFile; fileRef = AB751A091FB2654700285CF0 /* BeaconParams.swift */; };
/* End PBXBuildFile section */

/* Begin PBXContainerItemProxy section */
		AB7519F61FB24DFC00285CF0 /* PBXContainerItemProxy */ = {
			isa = PBXContainerItemProxy;
			containerPortal = AB7519E21FB24DFC00285CF0 /* Project object */;
			proxyType = 1;
			remoteGlobalIDString = AB7519EA1FB24DFC00285CF0;
			remoteInfo = Parrot;
		};
/* End PBXContainerItemProxy section */

/* Begin PBXFileReference section */
		AB7519EB1FB24DFC00285CF0 /* Parrot.framework */ = {isa = PBXFileReference; explicitFileType = wrapper.framework; includeInIndex = 0; path = Parrot.framework; sourceTree = BUILT_PRODUCTS_DIR; };
		AB7519EE1FB24DFC00285CF0 /* Parrot.h */ = {isa = PBXFileReference; lastKnownFileType = sourcecode.c.h; path = Parrot.h; sourceTree = "<group>"; };
		AB7519EF1FB24DFC00285CF0 /* Info.plist */ = {isa = PBXFileReference; lastKnownFileType = text.plist.xml; path = Info.plist; sourceTree = "<group>"; };
		AB7519F41FB24DFC00285CF0 /* ParrotTests.xctest */ = {isa = PBXFileReference; explicitFileType = wrapper.cfbundle; includeInIndex = 0; path = ParrotTests.xctest; sourceTree = BUILT_PRODUCTS_DIR; };
		AB7519F91FB24DFC00285CF0 /* ParrotTests.swift */ = {isa = PBXFileReference; lastKnownFileType = sourcecode.swift; path = ParrotTests.swift; sourceTree = "<group>"; };
		AB7519FB1FB24DFC00285CF0 /* Info.plist */ = {isa = PBXFileReference; lastKnownFileType = text.plist.xml; path = Info.plist; sourceTree = "<group>"; };
		AB751A051FB259CD00285CF0 /* BeaconAdvertiser.swift */ = {isa = PBXFileReference; fileEncoding = 4; lastKnownFileType = sourcecode.swift; path = BeaconAdvertiser.swift; sourceTree = "<group>"; };
		AB751A061FB259CE00285CF0 /* BeaconMonitor.swift */ = {isa = PBXFileReference; fileEncoding = 4; lastKnownFileType = sourcecode.swift; path = BeaconMonitor.swift; sourceTree = "<group>"; };
		AB751A091FB2654700285CF0 /* BeaconParams.swift */ = {isa = PBXFileReference; lastKnownFileType = sourcecode.swift; path = BeaconParams.swift; sourceTree = "<group>"; };
/* End PBXFileReference section */

/* Begin PBXFrameworksBuildPhase section */
		AB7519E71FB24DFC00285CF0 /* Frameworks */ = {
			isa = PBXFrameworksBuildPhase;
			buildActionMask = 2147483647;
			files = (
			);
			runOnlyForDeploymentPostprocessing = 0;
		};
		AB7519F11FB24DFC00285CF0 /* Frameworks */ = {
			isa = PBXFrameworksBuildPhase;
			buildActionMask = 2147483647;
			files = (
				AB7519F51FB24DFC00285CF0 /* Parrot.framework in Frameworks */,
			);
			runOnlyForDeploymentPostprocessing = 0;
		};
/* End PBXFrameworksBuildPhase section */

/* Begin PBXGroup section */
		AB7519E11FB24DFC00285CF0 = {
			isa = PBXGroup;
			children = (
				AB7519ED1FB24DFC00285CF0 /* Parrot */,
				AB7519F81FB24DFC00285CF0 /* ParrotTests */,
				AB7519EC1FB24DFC00285CF0 /* Products */,
			);
			sourceTree = "<group>";
		};
		AB7519EC1FB24DFC00285CF0 /* Products */ = {
			isa = PBXGroup;
			children = (
				AB7519EB1FB24DFC00285CF0 /* Parrot.framework */,
				AB7519F41FB24DFC00285CF0 /* ParrotTests.xctest */,
			);
			name = Products;
			sourceTree = "<group>";
		};
		AB7519ED1FB24DFC00285CF0 /* Parrot */ = {
			isa = PBXGroup;
			children = (
				AB751A051FB259CD00285CF0 /* BeaconAdvertiser.swift */,
				AB751A061FB259CE00285CF0 /* BeaconMonitor.swift */,
				AB751A091FB2654700285CF0 /* BeaconParams.swift */,
				AB7519EE1FB24DFC00285CF0 /* Parrot.h */,
				AB7519EF1FB24DFC00285CF0 /* Info.plist */,
			);
			path = Parrot;
			sourceTree = "<group>";
		};
		AB7519F81FB24DFC00285CF0 /* ParrotTests */ = {
			isa = PBXGroup;
			children = (
				AB7519F91FB24DFC00285CF0 /* ParrotTests.swift */,
				AB7519FB1FB24DFC00285CF0 /* Info.plist */,
			);
			path = ParrotTests;
			sourceTree = "<group>";
		};
/* End PBXGroup section */

/* Begin PBXHeadersBuildPhase section */
		AB7519E81FB24DFC00285CF0 /* Headers */ = {
			isa = PBXHeadersBuildPhase;
			buildActionMask = 2147483647;
			files = (
				AB7519FC1FB24DFC00285CF0 /* Parrot.h in Headers */,
			);
			runOnlyForDeploymentPostprocessing = 0;
		};
/* End PBXHeadersBuildPhase section */

/* Begin PBXNativeTarget section */
		AB7519EA1FB24DFC00285CF0 /* Parrot */ = {
			isa = PBXNativeTarget;
			buildConfigurationList = AB7519FF1FB24DFC00285CF0 /* Build configuration list for PBXNativeTarget "Parrot" */;
			buildPhases = (
				AB7519E61FB24DFC00285CF0 /* Sources */,
				AB7519E71FB24DFC00285CF0 /* Frameworks */,
				AB7519E81FB24DFC00285CF0 /* Headers */,
				AB7519E91FB24DFC00285CF0 /* Resources */,
			);
			buildRules = (
			);
			dependencies = (
			);
			name = Parrot;
			productName = Parrot;
			productReference = AB7519EB1FB24DFC00285CF0 /* Parrot.framework */;
			productType = "com.apple.product-type.framework";
		};
		AB7519F31FB24DFC00285CF0 /* ParrotTests */ = {
			isa = PBXNativeTarget;
			buildConfigurationList = AB751A021FB24DFC00285CF0 /* Build configuration list for PBXNativeTarget "ParrotTests" */;
			buildPhases = (
				AB7519F01FB24DFC00285CF0 /* Sources */,
				AB7519F11FB24DFC00285CF0 /* Frameworks */,
				AB7519F21FB24DFC00285CF0 /* Resources */,
			);
			buildRules = (
			);
			dependencies = (
				AB7519F71FB24DFC00285CF0 /* PBXTargetDependency */,
			);
			name = ParrotTests;
			productName = ParrotTests;
			productReference = AB7519F41FB24DFC00285CF0 /* ParrotTests.xctest */;
			productType = "com.apple.product-type.bundle.unit-test";
		};
/* End PBXNativeTarget section */

/* Begin PBXProject section */
		AB7519E21FB24DFC00285CF0 /* Project object */ = {
			isa = PBXProject;
			attributes = {
				LastSwiftUpdateCheck = 0900;
				LastUpgradeCheck = 0900;
				ORGANIZATIONNAME = carrot;
				TargetAttributes = {
					AB7519EA1FB24DFC00285CF0 = {
						CreatedOnToolsVersion = 9.0;
						LastSwiftMigration = 0900;
						ProvisioningStyle = Automatic;
					};
					AB7519F31FB24DFC00285CF0 = {
						CreatedOnToolsVersion = 9.0;
						ProvisioningStyle = Automatic;
					};
				};
			};
			buildConfigurationList = AB7519E51FB24DFC00285CF0 /* Build configuration list for PBXProject "Parrot" */;
			compatibilityVersion = "Xcode 8.0";
			developmentRegion = en;
			hasScannedForEncodings = 0;
			knownRegions = (
				en,
			);
			mainGroup = AB7519E11FB24DFC00285CF0;
			productRefGroup = AB7519EC1FB24DFC00285CF0 /* Products */;
			projectDirPath = "";
			projectRoot = "";
			targets = (
				AB7519EA1FB24DFC00285CF0 /* Parrot */,
				AB7519F31FB24DFC00285CF0 /* ParrotTests */,
			);
		};
/* End PBXProject section */

/* Begin PBXResourcesBuildPhase section */
		AB7519E91FB24DFC00285CF0 /* Resources */ = {
			isa = PBXResourcesBuildPhase;
			buildActionMask = 2147483647;
			files = (
			);
			runOnlyForDeploymentPostprocessing = 0;
		};
		AB7519F21FB24DFC00285CF0 /* Resources */ = {
			isa = PBXResourcesBuildPhase;
			buildActionMask = 2147483647;
			files = (
			);
			runOnlyForDeploymentPostprocessing = 0;
		};
/* End PBXResourcesBuildPhase section */

/* Begin PBXSourcesBuildPhase section */
		AB7519E61FB24DFC00285CF0 /* Sources */ = {
			isa = PBXSourcesBuildPhase;
			buildActionMask = 2147483647;
			files = (
				AB751A081FB259CE00285CF0 /* BeaconMonitor.swift in Sources */,
				AB751A0A1FB2654700285CF0 /* BeaconParams.swift in Sources */,
				AB751A071FB259CE00285CF0 /* BeaconAdvertiser.swift in Sources */,
			);
			runOnlyForDeploymentPostprocessing = 0;
		};
		AB7519F01FB24DFC00285CF0 /* Sources */ = {
			isa = PBXSourcesBuildPhase;
			buildActionMask = 2147483647;
			files = (
				AB7519FA1FB24DFC00285CF0 /* ParrotTests.swift in Sources */,
			);
			runOnlyForDeploymentPostprocessing = 0;
		};
/* End PBXSourcesBuildPhase section */

/* Begin PBXTargetDependency section */
		AB7519F71FB24DFC00285CF0 /* PBXTargetDependency */ = {
			isa = PBXTargetDependency;
			target = AB7519EA1FB24DFC00285CF0 /* Parrot */;
			targetProxy = AB7519F61FB24DFC00285CF0 /* PBXContainerItemProxy */;
		};
/* End PBXTargetDependency section */

/* Begin XCBuildConfiguration section */
		AB7519FD1FB24DFC00285CF0 /* Debug */ = {
			isa = XCBuildConfiguration;
			buildSettings = {
				ALWAYS_SEARCH_USER_PATHS = NO;
				CLANG_ANALYZER_NONNULL = YES;
				CLANG_ANALYZER_NUMBER_OBJECT_CONVERSION = YES_AGGRESSIVE;
				CLANG_CXX_LANGUAGE_STANDARD = "gnu++14";
				CLANG_CXX_LIBRARY = "libc++";
				CLANG_ENABLE_MODULES = YES;
				CLANG_ENABLE_OBJC_ARC = YES;
				CLANG_WARN_BLOCK_CAPTURE_AUTORELEASING = YES;
				CLANG_WARN_BOOL_CONVERSION = YES;
				CLANG_WARN_COMMA = YES;
				CLANG_WARN_CONSTANT_CONVERSION = YES;
				CLANG_WARN_DIRECT_OBJC_ISA_USAGE = YES_ERROR;
				CLANG_WARN_DOCUMENTATION_COMMENTS = YES;
				CLANG_WARN_EMPTY_BODY = YES;
				CLANG_WARN_ENUM_CONVERSION = YES;
				CLANG_WARN_INFINITE_RECURSION = YES;
				CLANG_WARN_INT_CONVERSION = YES;
				CLANG_WARN_NON_LITERAL_NULL_CONVERSION = YES;
				CLANG_WARN_OBJC_LITERAL_CONVERSION = YES;
				CLANG_WARN_OBJC_ROOT_CLASS = YES_ERROR;
				CLANG_WARN_RANGE_LOOP_ANALYSIS = YES;
				CLANG_WARN_STRICT_PROTOTYPES = YES;
				CLANG_WARN_SUSPICIOUS_MOVE = YES;
				CLANG_WARN_UNGUARDED_AVAILABILITY = YES_AGGRESSIVE;
				CLANG_WARN_UNREACHABLE_CODE = YES;
				CLANG_WARN__DUPLICATE_METHOD_MATCH = YES;
				CODE_SIGN_IDENTITY = "iPhone Developer";
				COPY_PHASE_STRIP = NO;
				CURRENT_PROJECT_VERSION = 1;
				DEBUG_INFORMATION_FORMAT = dwarf;
				ENABLE_STRICT_OBJC_MSGSEND = YES;
				ENABLE_TESTABILITY = YES;
				GCC_C_LANGUAGE_STANDARD = gnu11;
				GCC_DYNAMIC_NO_PIC = NO;
				GCC_NO_COMMON_BLOCKS = YES;
				GCC_OPTIMIZATION_LEVEL = 0;
				GCC_PREPROCESSOR_DEFINITIONS = (
					"DEBUG=1",
					"$(inherited)",
				);
				GCC_WARN_64_TO_32_BIT_CONVERSION = YES;
				GCC_WARN_ABOUT_RETURN_TYPE = YES_ERROR;
				GCC_WARN_UNDECLARED_SELECTOR = YES;
				GCC_WARN_UNINITIALIZED_AUTOS = YES_AGGRESSIVE;
				GCC_WARN_UNUSED_FUNCTION = YES;
				GCC_WARN_UNUSED_VARIABLE = YES;
				IPHONEOS_DEPLOYMENT_TARGET = 11.0;
				MTL_ENABLE_DEBUG_INFO = YES;
				ONLY_ACTIVE_ARCH = YES;
				SDKROOT = iphoneos;
				SWIFT_ACTIVE_COMPILATION_CONDITIONS = DEBUG;
				SWIFT_OPTIMIZATION_LEVEL = "-Onone";
				VERSIONING_SYSTEM = "apple-generic";
				VERSION_INFO_PREFIX = "";
			};
			name = Debug;
		};
		AB7519FE1FB24DFC00285CF0 /* Release */ = {
			isa = XCBuildConfiguration;
			buildSettings = {
				ALWAYS_SEARCH_USER_PATHS = NO;
				CLANG_ANALYZER_NONNULL = YES;
				CLANG_ANALYZER_NUMBER_OBJECT_CONVERSION = YES_AGGRESSIVE;
				CLANG_CXX_LANGUAGE_STANDARD = "gnu++14";
				CLANG_CXX_LIBRARY = "libc++";
				CLANG_ENABLE_MODULES = YES;
				CLANG_ENABLE_OBJC_ARC = YES;
				CLANG_WARN_BLOCK_CAPTURE_AUTORELEASING = YES;
				CLANG_WARN_BOOL_CONVERSION = YES;
				CLANG_WARN_COMMA = YES;
				CLANG_WARN_CONSTANT_CONVERSION = YES;
				CLANG_WARN_DIRECT_OBJC_ISA_USAGE = YES_ERROR;
				CLANG_WARN_DOCUMENTATION_COMMENTS = YES;
				CLANG_WARN_EMPTY_BODY = YES;
				CLANG_WARN_ENUM_CONVERSION = YES;
				CLANG_WARN_INFINITE_RECURSION = YES;
				CLANG_WARN_INT_CONVERSION = YES;
				CLANG_WARN_NON_LITERAL_NULL_CONVERSION = YES;
				CLANG_WARN_OBJC_LITERAL_CONVERSION = YES;
				CLANG_WARN_OBJC_ROOT_CLASS = YES_ERROR;
				CLANG_WARN_RANGE_LOOP_ANALYSIS = YES;
				CLANG_WARN_STRICT_PROTOTYPES = YES;
				CLANG_WARN_SUSPICIOUS_MOVE = YES;
				CLANG_WARN_UNGUARDED_AVAILABILITY = YES_AGGRESSIVE;
				CLANG_WARN_UNREACHABLE_CODE = YES;
				CLANG_WARN__DUPLICATE_METHOD_MATCH = YES;
				CODE_SIGN_IDENTITY = "iPhone Developer";
				COPY_PHASE_STRIP = NO;
				CURRENT_PROJECT_VERSION = 1;
				DEBUG_INFORMATION_FORMAT = "dwarf-with-dsym";
				ENABLE_NS_ASSERTIONS = NO;
				ENABLE_STRICT_OBJC_MSGSEND = YES;
				GCC_C_LANGUAGE_STANDARD = gnu11;
				GCC_NO_COMMON_BLOCKS = YES;
				GCC_WARN_64_TO_32_BIT_CONVERSION = YES;
				GCC_WARN_ABOUT_RETURN_TYPE = YES_ERROR;
				GCC_WARN_UNDECLARED_SELECTOR = YES;
				GCC_WARN_UNINITIALIZED_AUTOS = YES_AGGRESSIVE;
				GCC_WARN_UNUSED_FUNCTION = YES;
				GCC_WARN_UNUSED_VARIABLE = YES;
				IPHONEOS_DEPLOYMENT_TARGET = 11.0;
				MTL_ENABLE_DEBUG_INFO = NO;
				SDKROOT = iphoneos;
				SWIFT_OPTIMIZATION_LEVEL = "-Owholemodule";
				VALIDATE_PRODUCT = YES;
				VERSIONING_SYSTEM = "apple-generic";
				VERSION_INFO_PREFIX = "";
			};
			name = Release;
		};
		AB751A001FB24DFC00285CF0 /* Debug */ = {
			isa = XCBuildConfiguration;
			buildSettings = {
				CLANG_ENABLE_MODULES = YES;
				CODE_SIGN_IDENTITY = "";
				CODE_SIGN_STYLE = Automatic;
				DEFINES_MODULE = YES;
				DEVELOPMENT_TEAM = BG3Y5KSHNC;
				DYLIB_COMPATIBILITY_VERSION = 1;
				DYLIB_CURRENT_VERSION = 1;
				DYLIB_INSTALL_NAME_BASE = "@rpath";
				INFOPLIST_FILE = Parrot/Info.plist;
				INSTALL_PATH = "$(LOCAL_LIBRARY_DIR)/Frameworks";
				LD_RUNPATH_SEARCH_PATHS = "$(inherited) @executable_path/Frameworks @loader_path/Frameworks";
				PRODUCT_BUNDLE_IDENTIFIER = com.carrot.Parrot;
				PRODUCT_NAME = "$(TARGET_NAME:c99extidentifier)";
				SKIP_INSTALL = YES;
				SWIFT_OPTIMIZATION_LEVEL = "-Onone";
				SWIFT_VERSION = 4.0;
				TARGETED_DEVICE_FAMILY = "1,2";
			};
			name = Debug;
		};
		AB751A011FB24DFC00285CF0 /* Release */ = {
			isa = XCBuildConfiguration;
			buildSettings = {
				CLANG_ENABLE_MODULES = YES;
				CODE_SIGN_IDENTITY = "";
				CODE_SIGN_STYLE = Automatic;
				DEFINES_MODULE = YES;
				DEVELOPMENT_TEAM = BG3Y5KSHNC;
				DYLIB_COMPATIBILITY_VERSION = 1;
				DYLIB_CURRENT_VERSION = 1;
				DYLIB_INSTALL_NAME_BASE = "@rpath";
				INFOPLIST_FILE = Parrot/Info.plist;
				INSTALL_PATH = "$(LOCAL_LIBRARY_DIR)/Frameworks";
				LD_RUNPATH_SEARCH_PATHS = "$(inherited) @executable_path/Frameworks @loader_path/Frameworks";
				PRODUCT_BUNDLE_IDENTIFIER = com.carrot.Parrot;
				PRODUCT_NAME = "$(TARGET_NAME:c99extidentifier)";
				SKIP_INSTALL = YES;
				SWIFT_VERSION = 4.0;
				TARGETED_DEVICE_FAMILY = "1,2";
			};
			name = Release;
		};
		AB751A031FB24DFC00285CF0 /* Debug */ = {
			isa = XCBuildConfiguration;
			buildSettings = {
				ALWAYS_EMBED_SWIFT_STANDARD_LIBRARIES = YES;
				CODE_SIGN_STYLE = Automatic;
				DEVELOPMENT_TEAM = BG3Y5KSHNC;
				INFOPLIST_FILE = ParrotTests/Info.plist;
				LD_RUNPATH_SEARCH_PATHS = "$(inherited) @executable_path/Frameworks @loader_path/Frameworks";
				PRODUCT_BUNDLE_IDENTIFIER = com.carrot.ParrotTests;
				PRODUCT_NAME = "$(TARGET_NAME)";
				SWIFT_VERSION = 4.0;
				TARGETED_DEVICE_FAMILY = "1,2";
			};
			name = Debug;
		};
		AB751A041FB24DFC00285CF0 /* Release */ = {
			isa = XCBuildConfiguration;
			buildSettings = {
				ALWAYS_EMBED_SWIFT_STANDARD_LIBRARIES = YES;
				CODE_SIGN_STYLE = Automatic;
				DEVELOPMENT_TEAM = BG3Y5KSHNC;
				INFOPLIST_FILE = ParrotTests/Info.plist;
				LD_RUNPATH_SEARCH_PATHS = "$(inherited) @executable_path/Frameworks @loader_path/Frameworks";
				PRODUCT_BUNDLE_IDENTIFIER = com.carrot.ParrotTests;
				PRODUCT_NAME = "$(TARGET_NAME)";
				SWIFT_VERSION = 4.0;
				TARGETED_DEVICE_FAMILY = "1,2";
			};
			name = Release;
		};
/* End XCBuildConfiguration section */

/* Begin XCConfigurationList section */
		AB7519E51FB24DFC00285CF0 /* Build configuration list for PBXProject "Parrot" */ = {
			isa = XCConfigurationList;
			buildConfigurations = (
				AB7519FD1FB24DFC00285CF0 /* Debug */,
				AB7519FE1FB24DFC00285CF0 /* Release */,
			);
			defaultConfigurationIsVisible = 0;
			defaultConfigurationName = Release;
		};
		AB7519FF1FB24DFC00285CF0 /* Build configuration list for PBXNativeTarget "Parrot" */ = {
			isa = XCConfigurationList;
			buildConfigurations = (
				AB751A001FB24DFC00285CF0 /* Debug */,
				AB751A011FB24DFC00285CF0 /* Release */,
			);
			defaultConfigurationIsVisible = 0;
			defaultConfigurationName = Release;
		};
		AB751A021FB24DFC00285CF0 /* Build configuration list for PBXNativeTarget "ParrotTests" */ = {
			isa = XCConfigurationList;
			buildConfigurations = (
				AB751A031FB24DFC00285CF0 /* Debug */,
				AB751A041FB24DFC00285CF0 /* Release */,
			);
			defaultConfigurationIsVisible = 0;
			defaultConfigurationName = Release;
		};
/* End XCConfigurationList section */
	};
	rootObject = AB7519E21FB24DFC00285CF0 /* Project object */;
}
